// !$*UTF8*$!
{
	archiveVersion = 1;
	classes = {
	};
	objectVersion = 77;
	objects = {

/* Begin PBXBuildFile section */
		00B0CDCEE36C2FBB035A5741 /* String+Extensions.swift in Sources */ = {isa = PBXBuildFile; fileRef = 57394063463AFF1878042D5B /* String+Extensions.swift */; };
		0156279D8FBC229B765C8D53 /* DNSManager.swift in Sources */ = {isa = PBXBuildFile; fileRef = 56C2057280949E9F448AE711 /* DNSManager.swift */; };
		05E19AE2DDA201D8D1619554 /* StatsViewModel.swift in Sources */ = {isa = PBXBuildFile; fileRef = 3A460493D1AB8BDD76CF6FBE /* StatsViewModel.swift */; };
		0975E061C0C01A6593ED6A64 /* games.json in Resources */ = {isa = PBXBuildFile; fileRef = D5694D96C1975D74CDAE10E0 /* games.json */; };
		09B21DC7AFA1496E66C315C3 /* View+Modifiers.swift in Sources */ = {isa = PBXBuildFile; fileRef = D043734447E897EECAA90E0A /* View+Modifiers.swift */; };
		0C931460D19EF4619274025C /* SettingsViewModel.swift in Sources */ = {isa = PBXBuildFile; fileRef = 0AB7D984FBAE86A04F3EE948 /* SettingsViewModel.swift */; };
		0E7735D36356283E151587D9 /* ThemeManager.swift in Sources */ = {isa = PBXBuildFile; fileRef = F920638F8E8D4DF6164C4124 /* ThemeManager.swift */; };
		0F63113E064387FB6FDCAA45 /* ProfileEditorView.swift in Sources */ = {isa = PBXBuildFile; fileRef = D75FCD3FE480A8EF349AC789 /* ProfileEditorView.swift */; };
		0FE63215E95C413DF29917E1 /* PrivilegedHelper.swift in Sources */ = {isa = PBXBuildFile; fileRef = 946DE288441FC826623C09C6 /* PrivilegedHelper.swift */; };
		1BB0F58FE6391E2EBF22F1CD /* ThemeCatalog.json in Resources */ = {isa = PBXBuildFile; fileRef = 3E300A7CAC9E82C9B0611BC2 /* ThemeCatalog.json */; };
		1C56B083C74E3A29B471059D /* SettingsViewModelTests.swift in Sources */ = {isa = PBXBuildFile; fileRef = 1FEA1FEA1605FCF9B4D7299A /* SettingsViewModelTests.swift */; };
		36EEEC526890D897DBEB37F1 /* FreeTimer.swift in Sources */ = {isa = PBXBuildFile; fileRef = 3ED328A26A0F4A52077A5791 /* FreeTimer.swift */; };
		3C5862BA5D23610BB7C55E54 /* video.json in Resources */ = {isa = PBXBuildFile; fileRef = 4158EE2F545858A72688CFE9 /* video.json */; };
		3EACAD5A918E9DFBC39F4DCA /* MenuBarView.swift in Sources */ = {isa = PBXBuildFile; fileRef = 923F7679B21AE4E12016F775 /* MenuBarView.swift */; };
		408572736EEEA1740E4B2982 /* ThemeManagerTests.swift in Sources */ = {isa = PBXBuildFile; fileRef = D619D1183C7B812AA42A1337 /* ThemeManagerTests.swift */; };
		40EA309FD3C69A7FB1D0257A /* HostsFileBlocker.swift in Sources */ = {isa = PBXBuildFile; fileRef = B136AD747CA62E7A56099F9C /* HostsFileBlocker.swift */; };
		424B452870555D3E845201D5 /* BlockListViewModel.swift in Sources */ = {isa = PBXBuildFile; fileRef = 2DA803F7E9CC8A9587829FB7 /* BlockListViewModel.swift */; };
		432B6715E62F9933022FA065 /* FocusYouApp.swift in Sources */ = {isa = PBXBuildFile; fileRef = 03355D227440BC47048DC646 /* FocusYouApp.swift */; };
		4BDFD390A0691774D076EFEC /* ProfileListView.swift in Sources */ = {isa = PBXBuildFile; fileRef = DF71C7E4163B1A0467DA61CF /* ProfileListView.swift */; };
		4FB41B1C5FBF2C017A37A7EF /* AppState.swift in Sources */ = {isa = PBXBuildFile; fileRef = 6815114D2A30CB27EED1B552 /* AppState.swift */; };
		53A7AF430DAFF58E1ED9F800 /* NotificationService.swift in Sources */ = {isa = PBXBuildFile; fileRef = A4BC8344A9F092E59A1ADDE6 /* NotificationService.swift */; };
		65FBB5EEECD9E840423E5BEF /* Assets.xcassets in Resources */ = {isa = PBXBuildFile; fileRef = 7E4D50889113C0AF74856AAA /* Assets.xcassets */; };
		6A48F1066BB7DE23C8AE1CA6 /* Date+Extensions.swift in Sources */ = {isa = PBXBuildFile; fileRef = 0EE6B94F7670ED50E3DC9810 /* Date+Extensions.swift */; };
		6B1FC13D5AB53344E630A40D /* Constants.swift in Sources */ = {isa = PBXBuildFile; fileRef = 1A68A5E9FE9D32B8A8CB5289 /* Constants.swift */; };
		6E82E0928C9BA2B277CE68F6 /* NotificationServiceSettingsTests.swift in Sources */ = {isa = PBXBuildFile; fileRef = 2D606059812507F08173AE9A /* NotificationServiceSettingsTests.swift */; };
		70038CDA6EF81B3835DEDD0B /* FocusYouError.swift in Sources */ = {isa = PBXBuildFile; fileRef = 4F2CB15F782CE21EADE32A0B /* FocusYouError.swift */; };
		701555BB2CBB865246E9B5C6 /* WebsiteBlocker.swift in Sources */ = {isa = PBXBuildFile; fileRef = 08D9E20C91ECBDB7EABC9A77 /* WebsiteBlocker.swift */; };
		73628EED32AED64A1B16570F /* AppBlockView.swift in Sources */ = {isa = PBXBuildFile; fileRef = E4A54D40EAA9967B9F83E5F6 /* AppBlockView.swift */; };
		737B7A6312188CA855F31CCB /* BlockedSite.swift in Sources */ = {isa = PBXBuildFile; fileRef = 72EA9A639375CA3DDA78D63E /* BlockedSite.swift */; };
		75702BCEE3D87EF47532D34D /* StringExtensionsTests.swift in Sources */ = {isa = PBXBuildFile; fileRef = 7200073FB3501B7E98D6C17A /* StringExtensionsTests.swift */; };
		787CCC5E00EDE1AE5AE0B3A5 /* news.json in Resources */ = {isa = PBXBuildFile; fileRef = 4F58DB33317CAE79DDDDF6FA /* news.json */; };
		8A236F8CC3E7A19605EC8888 /* Color+Theme.swift in Sources */ = {isa = PBXBuildFile; fileRef = D9AD64C24178ABFA2FB00F5B /* Color+Theme.swift */; };
		8ACB0836E7785E748C06AEFD /* HostsFileManager.swift in Sources */ = {isa = PBXBuildFile; fileRef = 944A6E1949B015C2817CE009 /* HostsFileManager.swift */; };
		A3E73C30EC933E3803D3588F /* TimePickerView.swift in Sources */ = {isa = PBXBuildFile; fileRef = 16F012D7DE692D155A9D7DD4 /* TimePickerView.swift */; };
		A4BC30D7217B153B86E21769 /* ProfileViewModel.swift in Sources */ = {isa = PBXBuildFile; fileRef = 78E592359E71D0D7E463D21B /* ProfileViewModel.swift */; };
		A5C2DC2E0D2129997E3B639A /* BlockingCoordinatorTests.swift in Sources */ = {isa = PBXBuildFile; fileRef = E3C65E5F7BA82264521F661C /* BlockingCoordinatorTests.swift */; };
		A83F49C17A5CD05971DA608B /* StatsView.swift in Sources */ = {isa = PBXBuildFile; fileRef = 01048996487435090C180644 /* StatsView.swift */; };
		AB6B9AF0E73DBC0D2E9B6477 /* PomodoroConfigView.swift in Sources */ = {isa = PBXBuildFile; fileRef = 7A506D1C89B5DCDBCC50E20E /* PomodoroConfigView.swift */; };
		AD673288B15AB358371F2373 /* SettingsView.swift in Sources */ = {isa = PBXBuildFile; fileRef = B8F146962AE1C48075E7184D /* SettingsView.swift */; };
		C32D273CA53713F48CF91BE3 /* WebsiteBlockView.swift in Sources */ = {isa = PBXBuildFile; fileRef = C630404612B8E32C1F00AE40 /* WebsiteBlockView.swift */; };
		C4280A193EEBF3EA09989956 /* CategoryPickerView.swift in Sources */ = {isa = PBXBuildFile; fileRef = A40C05F58859F3BA919A7989 /* CategoryPickerView.swift */; };
		CC9258593C8D0EBBFDFAFC4E /* TimerViewModel.swift in Sources */ = {isa = PBXBuildFile; fileRef = BC929065CCF7442C450405B3 /* TimerViewModel.swift */; };
		CDF704D151A76F2E52DDCFDD /* PomodoroEngine.swift in Sources */ = {isa = PBXBuildFile; fileRef = 180C8A945AD4A277828C840E /* PomodoroEngine.swift */; };
		CEB9C18BF8A1043F1571E64D /* sns.json in Resources */ = {isa = PBXBuildFile; fileRef = 15F75BFF82366C1636A889B7 /* sns.json */; };
		D173C2375D0F0703D8DDCC5A /* BlockingCoordinator.swift in Sources */ = {isa = PBXBuildFile; fileRef = 85112EB9686823A2B6122971 /* BlockingCoordinator.swift */; };
		D2C31AB753E47BCF2412F5C9 /* AppBlocker.swift in Sources */ = {isa = PBXBuildFile; fileRef = 450B8438A119A2575F0189EE /* AppBlocker.swift */; };
		DCD9BE315136CCA2B27798D1 /* PomodoroEngineTests.swift in Sources */ = {isa = PBXBuildFile; fileRef = E1253C394407F81E88611851 /* PomodoroEngineTests.swift */; };
		E200EB2AAD3DEC0F0A17A392 /* TimerView.swift in Sources */ = {isa = PBXBuildFile; fileRef = 883DE0F6C198BD475B72202C /* TimerView.swift */; };
		E2E1EFAAE13D7F4FF3403212 /* PieChartTimerView.swift in Sources */ = {isa = PBXBuildFile; fileRef = A863ECA533CD25DD064FBE18 /* PieChartTimerView.swift */; };
		E80B9AF3714F10EB751A1EAD /* AppTheme.swift in Sources */ = {isa = PBXBuildFile; fileRef = 5FA2982F421866F4409537C2 /* AppTheme.swift */; };
		E9EA78A518F2D6FCD8E18C25 /* BlockProfile.swift in Sources */ = {isa = PBXBuildFile; fileRef = CCCF53A306D96110BFA5BB8A /* BlockProfile.swift */; };
		EAE4C81A07549C1F4990A15A /* BlockedApp.swift in Sources */ = {isa = PBXBuildFile; fileRef = 38061ABC655A0BAEA2FC22D5 /* BlockedApp.swift */; };
		EBBE4690B5997DA436CC2E71 /* BlockListView.swift in Sources */ = {isa = PBXBuildFile; fileRef = 5F591BC59259AC45E8F15287 /* BlockListView.swift */; };
		F2FD603D4559E67260548B5F /* FocusSession.swift in Sources */ = {isa = PBXBuildFile; fileRef = 2B3E26060BA507E42D48663C /* FocusSession.swift */; };
		F50384EFF52B64498DA2426D /* HostsFileManagerTests.swift in Sources */ = {isa = PBXBuildFile; fileRef = A40FE307AB295BA551D40575 /* HostsFileManagerTests.swift */; };
		FC55AD7F2656D9A9B4E38265 /* MainDashboardView.swift in Sources */ = {isa = PBXBuildFile; fileRef = BA4EFEB2F1CBE531A6AAEA6F /* MainDashboardView.swift */; };
/* End PBXBuildFile section */

/* Begin PBXContainerItemProxy section */
		99412CFB162F429DC567E5A1 /* PBXContainerItemProxy */ = {
			isa = PBXContainerItemProxy;
			containerPortal = 997BDCD8634622E1B547779B /* Project object */;
			proxyType = 1;
			remoteGlobalIDString = 11C2220FF5EA37B4F5D3C6D1;
			remoteInfo = FocusYou;
		};
/* End PBXContainerItemProxy section */

/* Begin PBXFileReference section */
		01048996487435090C180644 /* StatsView.swift */ = {isa = PBXFileReference; lastKnownFileType = sourcecode.swift; path = StatsView.swift; sourceTree = "<group>"; };
		03355D227440BC47048DC646 /* FocusYouApp.swift */ = {isa = PBXFileReference; lastKnownFileType = sourcecode.swift; path = FocusYouApp.swift; sourceTree = "<group>"; };
		08D9E20C91ECBDB7EABC9A77 /* WebsiteBlocker.swift */ = {isa = PBXFileReference; lastKnownFileType = sourcecode.swift; path = WebsiteBlocker.swift; sourceTree = "<group>"; };
		0AB7D984FBAE86A04F3EE948 /* SettingsViewModel.swift */ = {isa = PBXFileReference; lastKnownFileType = sourcecode.swift; path = SettingsViewModel.swift; sourceTree = "<group>"; };
		0EE6B94F7670ED50E3DC9810 /* Date+Extensions.swift */ = {isa = PBXFileReference; lastKnownFileType = sourcecode.swift; path = "Date+Extensions.swift"; sourceTree = "<group>"; };
		15F75BFF82366C1636A889B7 /* sns.json */ = {isa = PBXFileReference; lastKnownFileType = text.json; path = sns.json; sourceTree = "<group>"; };
		16F012D7DE692D155A9D7DD4 /* TimePickerView.swift */ = {isa = PBXFileReference; lastKnownFileType = sourcecode.swift; path = TimePickerView.swift; sourceTree = "<group>"; };
		180C8A945AD4A277828C840E /* PomodoroEngine.swift */ = {isa = PBXFileReference; lastKnownFileType = sourcecode.swift; path = PomodoroEngine.swift; sourceTree = "<group>"; };
		1A68A5E9FE9D32B8A8CB5289 /* Constants.swift */ = {isa = PBXFileReference; lastKnownFileType = sourcecode.swift; path = Constants.swift; sourceTree = "<group>"; };
		1FEA1FEA1605FCF9B4D7299A /* SettingsViewModelTests.swift */ = {isa = PBXFileReference; lastKnownFileType = sourcecode.swift; path = SettingsViewModelTests.swift; sourceTree = "<group>"; };
		2B3E26060BA507E42D48663C /* FocusSession.swift */ = {isa = PBXFileReference; lastKnownFileType = sourcecode.swift; path = FocusSession.swift; sourceTree = "<group>"; };
		2D606059812507F08173AE9A /* NotificationServiceSettingsTests.swift */ = {isa = PBXFileReference; lastKnownFileType = sourcecode.swift; path = NotificationServiceSettingsTests.swift; sourceTree = "<group>"; };
		2DA803F7E9CC8A9587829FB7 /* BlockListViewModel.swift */ = {isa = PBXFileReference; lastKnownFileType = sourcecode.swift; path = BlockListViewModel.swift; sourceTree = "<group>"; };
		38061ABC655A0BAEA2FC22D5 /* BlockedApp.swift */ = {isa = PBXFileReference; lastKnownFileType = sourcecode.swift; path = BlockedApp.swift; sourceTree = "<group>"; };
		3A460493D1AB8BDD76CF6FBE /* StatsViewModel.swift */ = {isa = PBXFileReference; lastKnownFileType = sourcecode.swift; path = StatsViewModel.swift; sourceTree = "<group>"; };
		3E300A7CAC9E82C9B0611BC2 /* ThemeCatalog.json */ = {isa = PBXFileReference; lastKnownFileType = text.json; path = ThemeCatalog.json; sourceTree = "<group>"; };
		3ED328A26A0F4A52077A5791 /* FreeTimer.swift */ = {isa = PBXFileReference; lastKnownFileType = sourcecode.swift; path = FreeTimer.swift; sourceTree = "<group>"; };
		4158EE2F545858A72688CFE9 /* video.json */ = {isa = PBXFileReference; lastKnownFileType = text.json; path = video.json; sourceTree = "<group>"; };
		450B8438A119A2575F0189EE /* AppBlocker.swift */ = {isa = PBXFileReference; lastKnownFileType = sourcecode.swift; path = AppBlocker.swift; sourceTree = "<group>"; };
		4F2CB15F782CE21EADE32A0B /* FocusYouError.swift */ = {isa = PBXFileReference; lastKnownFileType = sourcecode.swift; path = FocusYouError.swift; sourceTree = "<group>"; };
		4F58DB33317CAE79DDDDF6FA /* news.json */ = {isa = PBXFileReference; lastKnownFileType = text.json; path = news.json; sourceTree = "<group>"; };
		56C2057280949E9F448AE711 /* DNSManager.swift */ = {isa = PBXFileReference; lastKnownFileType = sourcecode.swift; path = DNSManager.swift; sourceTree = "<group>"; };
		57394063463AFF1878042D5B /* String+Extensions.swift */ = {isa = PBXFileReference; lastKnownFileType = sourcecode.swift; path = "String+Extensions.swift"; sourceTree = "<group>"; };
		5F591BC59259AC45E8F15287 /* BlockListView.swift */ = {isa = PBXFileReference; lastKnownFileType = sourcecode.swift; path = BlockListView.swift; sourceTree = "<group>"; };
		5FA2982F421866F4409537C2 /* AppTheme.swift */ = {isa = PBXFileReference; lastKnownFileType = sourcecode.swift; path = AppTheme.swift; sourceTree = "<group>"; };
		6815114D2A30CB27EED1B552 /* AppState.swift */ = {isa = PBXFileReference; lastKnownFileType = sourcecode.swift; path = AppState.swift; sourceTree = "<group>"; };
		7200073FB3501B7E98D6C17A /* StringExtensionsTests.swift */ = {isa = PBXFileReference; lastKnownFileType = sourcecode.swift; path = StringExtensionsTests.swift; sourceTree = "<group>"; };
		72EA9A639375CA3DDA78D63E /* BlockedSite.swift */ = {isa = PBXFileReference; lastKnownFileType = sourcecode.swift; path = BlockedSite.swift; sourceTree = "<group>"; };
		78E592359E71D0D7E463D21B /* ProfileViewModel.swift */ = {isa = PBXFileReference; lastKnownFileType = sourcecode.swift; path = ProfileViewModel.swift; sourceTree = "<group>"; };
		7A506D1C89B5DCDBCC50E20E /* PomodoroConfigView.swift */ = {isa = PBXFileReference; lastKnownFileType = sourcecode.swift; path = PomodoroConfigView.swift; sourceTree = "<group>"; };
		7E4D50889113C0AF74856AAA /* Assets.xcassets */ = {isa = PBXFileReference; lastKnownFileType = folder.assetcatalog; path = Assets.xcassets; sourceTree = "<group>"; };
		85112EB9686823A2B6122971 /* BlockingCoordinator.swift */ = {isa = PBXFileReference; lastKnownFileType = sourcecode.swift; path = BlockingCoordinator.swift; sourceTree = "<group>"; };
		883DE0F6C198BD475B72202C /* TimerView.swift */ = {isa = PBXFileReference; lastKnownFileType = sourcecode.swift; path = TimerView.swift; sourceTree = "<group>"; };
		8B18D5DD185752CC322ECABF /* FocusYouTests.xctest */ = {isa = PBXFileReference; explicitFileType = wrapper.cfbundle; includeInIndex = 0; path = FocusYouTests.xctest; sourceTree = BUILT_PRODUCTS_DIR; };
		923F7679B21AE4E12016F775 /* MenuBarView.swift */ = {isa = PBXFileReference; lastKnownFileType = sourcecode.swift; path = MenuBarView.swift; sourceTree = "<group>"; };
		944A6E1949B015C2817CE009 /* HostsFileManager.swift */ = {isa = PBXFileReference; lastKnownFileType = sourcecode.swift; path = HostsFileManager.swift; sourceTree = "<group>"; };
		946DE288441FC826623C09C6 /* PrivilegedHelper.swift */ = {isa = PBXFileReference; lastKnownFileType = sourcecode.swift; path = PrivilegedHelper.swift; sourceTree = "<group>"; };
		9CAB90BC89992273FD36466F /* FocusYou.entitlements */ = {isa = PBXFileReference; lastKnownFileType = text.plist.entitlements; path = FocusYou.entitlements; sourceTree = "<group>"; };
		A40C05F58859F3BA919A7989 /* CategoryPickerView.swift */ = {isa = PBXFileReference; lastKnownFileType = sourcecode.swift; path = CategoryPickerView.swift; sourceTree = "<group>"; };
		A40FE307AB295BA551D40575 /* HostsFileManagerTests.swift */ = {isa = PBXFileReference; lastKnownFileType = sourcecode.swift; path = HostsFileManagerTests.swift; sourceTree = "<group>"; };
		A4BC8344A9F092E59A1ADDE6 /* NotificationService.swift */ = {isa = PBXFileReference; lastKnownFileType = sourcecode.swift; path = NotificationService.swift; sourceTree = "<group>"; };
		A863ECA533CD25DD064FBE18 /* PieChartTimerView.swift */ = {isa = PBXFileReference; lastKnownFileType = sourcecode.swift; path = PieChartTimerView.swift; sourceTree = "<group>"; };
		B136AD747CA62E7A56099F9C /* HostsFileBlocker.swift */ = {isa = PBXFileReference; lastKnownFileType = sourcecode.swift; path = HostsFileBlocker.swift; sourceTree = "<group>"; };
		B87999382957A62F387E43D2 /* FocusYou.app */ = {isa = PBXFileReference; explicitFileType = wrapper.application; includeInIndex = 0; path = FocusYou.app; sourceTree = BUILT_PRODUCTS_DIR; };
		B8F146962AE1C48075E7184D /* SettingsView.swift */ = {isa = PBXFileReference; lastKnownFileType = sourcecode.swift; path = SettingsView.swift; sourceTree = "<group>"; };
		BA4EFEB2F1CBE531A6AAEA6F /* MainDashboardView.swift */ = {isa = PBXFileReference; lastKnownFileType = sourcecode.swift; path = MainDashboardView.swift; sourceTree = "<group>"; };
		BC929065CCF7442C450405B3 /* TimerViewModel.swift */ = {isa = PBXFileReference; lastKnownFileType = sourcecode.swift; path = TimerViewModel.swift; sourceTree = "<group>"; };
		C630404612B8E32C1F00AE40 /* WebsiteBlockView.swift */ = {isa = PBXFileReference; lastKnownFileType = sourcecode.swift; path = WebsiteBlockView.swift; sourceTree = "<group>"; };
		CCCF53A306D96110BFA5BB8A /* BlockProfile.swift */ = {isa = PBXFileReference; lastKnownFileType = sourcecode.swift; path = BlockProfile.swift; sourceTree = "<group>"; };
		D043734447E897EECAA90E0A /* View+Modifiers.swift */ = {isa = PBXFileReference; lastKnownFileType = sourcecode.swift; path = "View+Modifiers.swift"; sourceTree = "<group>"; };
		D5694D96C1975D74CDAE10E0 /* games.json */ = {isa = PBXFileReference; lastKnownFileType = text.json; path = games.json; sourceTree = "<group>"; };
		D619D1183C7B812AA42A1337 /* ThemeManagerTests.swift */ = {isa = PBXFileReference; lastKnownFileType = sourcecode.swift; path = ThemeManagerTests.swift; sourceTree = "<group>"; };
		D75FCD3FE480A8EF349AC789 /* ProfileEditorView.swift */ = {isa = PBXFileReference; lastKnownFileType = sourcecode.swift; path = ProfileEditorView.swift; sourceTree = "<group>"; };
		D9AD64C24178ABFA2FB00F5B /* Color+Theme.swift */ = {isa = PBXFileReference; lastKnownFileType = sourcecode.swift; path = "Color+Theme.swift"; sourceTree = "<group>"; };
		DF71C7E4163B1A0467DA61CF /* ProfileListView.swift */ = {isa = PBXFileReference; lastKnownFileType = sourcecode.swift; path = ProfileListView.swift; sourceTree = "<group>"; };
		E1253C394407F81E88611851 /* PomodoroEngineTests.swift */ = {isa = PBXFileReference; lastKnownFileType = sourcecode.swift; path = PomodoroEngineTests.swift; sourceTree = "<group>"; };
		E3C65E5F7BA82264521F661C /* BlockingCoordinatorTests.swift */ = {isa = PBXFileReference; lastKnownFileType = sourcecode.swift; path = BlockingCoordinatorTests.swift; sourceTree = "<group>"; };
		E4A54D40EAA9967B9F83E5F6 /* AppBlockView.swift */ = {isa = PBXFileReference; lastKnownFileType = sourcecode.swift; path = AppBlockView.swift; sourceTree = "<group>"; };
		F920638F8E8D4DF6164C4124 /* ThemeManager.swift */ = {isa = PBXFileReference; lastKnownFileType = sourcecode.swift; path = ThemeManager.swift; sourceTree = "<group>"; };
/* End PBXFileReference section */

/* Begin PBXGroup section */
		06112262D27E10D44E50FC68 /* Services */ = {
			isa = PBXGroup;
			children = (
				19BC4BEF7BBF485D486F3AB9 /* Blocking */,
				33F456FA4B2C7779683CBD53 /* Notification */,
				CB790705D4444445C4EA1AC1 /* System */,
				E04CB4A0A5FB24AEBB379205 /* Theme */,
				8F678FD857532A0A03FB7E56 /* Timer */,
			);
			path = Services;
			sourceTree = "<group>";
		};
		07D6689E59DC621750DB7A1B /* Stats */ = {
			isa = PBXGroup;
			children = (
				01048996487435090C180644 /* StatsView.swift */,
			);
			path = Stats;
			sourceTree = "<group>";
		};
		0CB948290EF77EE270001C6B /* Main */ = {
			isa = PBXGroup;
			children = (
				BA4EFEB2F1CBE531A6AAEA6F /* MainDashboardView.swift */,
			);
			path = Main;
			sourceTree = "<group>";
		};
		19BC4BEF7BBF485D486F3AB9 /* Blocking */ = {
			isa = PBXGroup;
			children = (
				450B8438A119A2575F0189EE /* AppBlocker.swift */,
				85112EB9686823A2B6122971 /* BlockingCoordinator.swift */,
				B136AD747CA62E7A56099F9C /* HostsFileBlocker.swift */,
				08D9E20C91ECBDB7EABC9A77 /* WebsiteBlocker.swift */,
			);
			path = Blocking;
			sourceTree = "<group>";
		};
		19EFD7C4D56E6CE75BDABEED /* Extensions */ = {
			isa = PBXGroup;
			children = (
				D9AD64C24178ABFA2FB00F5B /* Color+Theme.swift */,
				0EE6B94F7670ED50E3DC9810 /* Date+Extensions.swift */,
				57394063463AFF1878042D5B /* String+Extensions.swift */,
				D043734447E897EECAA90E0A /* View+Modifiers.swift */,
			);
			path = Extensions;
			sourceTree = "<group>";
		};
		23B2D62913B992AD729D1A1A /* BlockList */ = {
			isa = PBXGroup;
			children = (
				E4A54D40EAA9967B9F83E5F6 /* AppBlockView.swift */,
				5F591BC59259AC45E8F15287 /* BlockListView.swift */,
				A40C05F58859F3BA919A7989 /* CategoryPickerView.swift */,
				C630404612B8E32C1F00AE40 /* WebsiteBlockView.swift */,
			);
			path = BlockList;
			sourceTree = "<group>";
		};
		24675D6E3CD18516E4D1067A /* Profile */ = {
			isa = PBXGroup;
			children = (
				D75FCD3FE480A8EF349AC789 /* ProfileEditorView.swift */,
				DF71C7E4163B1A0467DA61CF /* ProfileListView.swift */,
			);
			path = Profile;
			sourceTree = "<group>";
		};
		2FD437F2C3035F5DB16F70C2 /* ViewModels */ = {
			isa = PBXGroup;
			children = (
				6815114D2A30CB27EED1B552 /* AppState.swift */,
				2DA803F7E9CC8A9587829FB7 /* BlockListViewModel.swift */,
				78E592359E71D0D7E463D21B /* ProfileViewModel.swift */,
				0AB7D984FBAE86A04F3EE948 /* SettingsViewModel.swift */,
				3A460493D1AB8BDD76CF6FBE /* StatsViewModel.swift */,
				BC929065CCF7442C450405B3 /* TimerViewModel.swift */,
			);
			path = ViewModels;
			sourceTree = "<group>";
		};
		33F456FA4B2C7779683CBD53 /* Notification */ = {
			isa = PBXGroup;
			children = (
				A4BC8344A9F092E59A1ADDE6 /* NotificationService.swift */,
			);
			path = Notification;
			sourceTree = "<group>";
		};
		4745363672B2DC6EE6BB92D2 /* Settings */ = {
			isa = PBXGroup;
			children = (
				B8F146962AE1C48075E7184D /* SettingsView.swift */,
			);
			path = Settings;
			sourceTree = "<group>";
		};
		477BF9AAE0D0976C17354933 /* Models */ = {
			isa = PBXGroup;
			children = (
				5FA2982F421866F4409537C2 /* AppTheme.swift */,
				38061ABC655A0BAEA2FC22D5 /* BlockedApp.swift */,
				72EA9A639375CA3DDA78D63E /* BlockedSite.swift */,
				CCCF53A306D96110BFA5BB8A /* BlockProfile.swift */,
				2B3E26060BA507E42D48663C /* FocusSession.swift */,
			);
			path = Models;
			sourceTree = "<group>";
		};
		4D8856E752058AE58F0D3BDE = {
			isa = PBXGroup;
			children = (
				DADE62522368ED32B33C12BF /* FocusYou */,
				75E9FC3F0D99B7062021B117 /* FocusYouTests */,
				9772FF4E521F20AC894D4862 /* Products */,
			);
			sourceTree = "<group>";
		};
		50709C8D4B5D7740AF44C933 /* Components */ = {
			isa = PBXGroup;
			children = (
				16F012D7DE692D155A9D7DD4 /* TimePickerView.swift */,
			);
			path = Components;
			sourceTree = "<group>";
		};
		6B4ADC6AD4EF3934765BF86D /* Themes */ = {
			isa = PBXGroup;
			children = (
				3E300A7CAC9E82C9B0611BC2 /* ThemeCatalog.json */,
			);
			path = Themes;
			sourceTree = "<group>";
		};
		75E9FC3F0D99B7062021B117 /* FocusYouTests */ = {
			isa = PBXGroup;
			children = (
				E3C65E5F7BA82264521F661C /* BlockingCoordinatorTests.swift */,
				A40FE307AB295BA551D40575 /* HostsFileManagerTests.swift */,
				2D606059812507F08173AE9A /* NotificationServiceSettingsTests.swift */,
				E1253C394407F81E88611851 /* PomodoroEngineTests.swift */,
				1FEA1FEA1605FCF9B4D7299A /* SettingsViewModelTests.swift */,
				7200073FB3501B7E98D6C17A /* StringExtensionsTests.swift */,
				D619D1183C7B812AA42A1337 /* ThemeManagerTests.swift */,
			);
			path = FocusYouTests;
			sourceTree = "<group>";
		};
		7F23B90A85A7251054A73E04 /* Helpers */ = {
			isa = PBXGroup;
			children = (
				1A68A5E9FE9D32B8A8CB5289 /* Constants.swift */,
				4F2CB15F782CE21EADE32A0B /* FocusYouError.swift */,
			);
			path = Helpers;
			sourceTree = "<group>";
		};
		8F678FD857532A0A03FB7E56 /* Timer */ = {
			isa = PBXGroup;
			children = (
				3ED328A26A0F4A52077A5791 /* FreeTimer.swift */,
				180C8A945AD4A277828C840E /* PomodoroEngine.swift */,
			);
			path = Timer;
			sourceTree = "<group>";
		};
		9772FF4E521F20AC894D4862 /* Products */ = {
			isa = PBXGroup;
			children = (
				B87999382957A62F387E43D2 /* FocusYou.app */,
				8B18D5DD185752CC322ECABF /* FocusYouTests.xctest */,
			);
			name = Products;
			sourceTree = "<group>";
		};
		AD80F397276516991BCCA9B2 /* Timer */ = {
			isa = PBXGroup;
			children = (
				A863ECA533CD25DD064FBE18 /* PieChartTimerView.swift */,
				7A506D1C89B5DCDBCC50E20E /* PomodoroConfigView.swift */,
				883DE0F6C198BD475B72202C /* TimerView.swift */,
			);
			path = Timer;
			sourceTree = "<group>";
		};
		B7853B418655A4B3E31074DA /* Resources */ = {
			isa = PBXGroup;
			children = (
				7E4D50889113C0AF74856AAA /* Assets.xcassets */,
				E94C68FB11AEA6AE35DCBF0C /* Presets */,
				6B4ADC6AD4EF3934765BF86D /* Themes */,
			);
			path = Resources;
			sourceTree = "<group>";
		};
		CB790705D4444445C4EA1AC1 /* System */ = {
			isa = PBXGroup;
			children = (
				56C2057280949E9F448AE711 /* DNSManager.swift */,
				944A6E1949B015C2817CE009 /* HostsFileManager.swift */,
				946DE288441FC826623C09C6 /* PrivilegedHelper.swift */,
			);
			path = System;
			sourceTree = "<group>";
		};
		DADE62522368ED32B33C12BF /* FocusYou */ = {
			isa = PBXGroup;
			children = (
				9CAB90BC89992273FD36466F /* FocusYou.entitlements */,
				03355D227440BC47048DC646 /* FocusYouApp.swift */,
				19EFD7C4D56E6CE75BDABEED /* Extensions */,
				7F23B90A85A7251054A73E04 /* Helpers */,
				477BF9AAE0D0976C17354933 /* Models */,
				B7853B418655A4B3E31074DA /* Resources */,
				06112262D27E10D44E50FC68 /* Services */,
				2FD437F2C3035F5DB16F70C2 /* ViewModels */,
				DAFBCFE2D277ECDC4DF918E9 /* Views */,
			);
			path = FocusYou;
			sourceTree = "<group>";
		};
		DAFBCFE2D277ECDC4DF918E9 /* Views */ = {
			isa = PBXGroup;
			children = (
				23B2D62913B992AD729D1A1A /* BlockList */,
				50709C8D4B5D7740AF44C933 /* Components */,
				0CB948290EF77EE270001C6B /* Main */,
				FFFBFE34E23E31AC44B49C3E /* MenuBar */,
				24675D6E3CD18516E4D1067A /* Profile */,
				4745363672B2DC6EE6BB92D2 /* Settings */,
				07D6689E59DC621750DB7A1B /* Stats */,
				AD80F397276516991BCCA9B2 /* Timer */,
			);
			path = Views;
			sourceTree = "<group>";
		};
		E04CB4A0A5FB24AEBB379205 /* Theme */ = {
			isa = PBXGroup;
			children = (
				F920638F8E8D4DF6164C4124 /* ThemeManager.swift */,
			);
			path = Theme;
			sourceTree = "<group>";
		};
		E94C68FB11AEA6AE35DCBF0C /* Presets */ = {
			isa = PBXGroup;
			children = (
				D5694D96C1975D74CDAE10E0 /* games.json */,
				4F58DB33317CAE79DDDDF6FA /* news.json */,
				15F75BFF82366C1636A889B7 /* sns.json */,
				4158EE2F545858A72688CFE9 /* video.json */,
			);
			path = Presets;
			sourceTree = "<group>";
		};
		FFFBFE34E23E31AC44B49C3E /* MenuBar */ = {
			isa = PBXGroup;
			children = (
				923F7679B21AE4E12016F775 /* MenuBarView.swift */,
			);
			path = MenuBar;
			sourceTree = "<group>";
		};
/* End PBXGroup section */

/* Begin PBXNativeTarget section */
		11C2220FF5EA37B4F5D3C6D1 /* FocusYou */ = {
			isa = PBXNativeTarget;
			buildConfigurationList = ECB8B042A595C30C678AFCEC /* Build configuration list for PBXNativeTarget "FocusYou" */;
			buildPhases = (
				E66F2D9631CAD08E293838E9 /* Sources */,
				959BC0AD0059AB96A309511A /* Resources */,
			);
			buildRules = (
			);
			dependencies = (
			);
			name = FocusYou;
			packageProductDependencies = (
			);
			productName = FocusYou;
			productReference = B87999382957A62F387E43D2 /* FocusYou.app */;
			productType = "com.apple.product-type.application";
		};
		F7DC7D451DB8CA8E2EA3303C /* FocusYouTests */ = {
			isa = PBXNativeTarget;
			buildConfigurationList = 5956D527ED9BB60002093308 /* Build configuration list for PBXNativeTarget "FocusYouTests" */;
			buildPhases = (
				AC48BEC66FBEA8D57F668E8E /* Sources */,
			);
			buildRules = (
			);
			dependencies = (
				B074A9B971226E447E053A2A /* PBXTargetDependency */,
			);
			name = FocusYouTests;
			packageProductDependencies = (
			);
			productName = FocusYouTests;
			productReference = 8B18D5DD185752CC322ECABF /* FocusYouTests.xctest */;
			productType = "com.apple.product-type.bundle.unit-test";
		};
/* End PBXNativeTarget section */

/* Begin PBXProject section */
		997BDCD8634622E1B547779B /* Project object */ = {
			isa = PBXProject;
			attributes = {
				BuildIndependentTargetsInParallel = YES;
				LastUpgradeCheck = 2620;
			};
			buildConfigurationList = 06CF28C3543A6183CB0F7D57 /* Build configuration list for PBXProject "FocusYou" */;
			compatibilityVersion = "Xcode 14.0";
			developmentRegion = en;
			hasScannedForEncodings = 0;
			knownRegions = (
				Base,
				en,
			);
			mainGroup = 4D8856E752058AE58F0D3BDE;
			minimizedProjectReferenceProxies = 1;
			preferredProjectObjectVersion = 77;
			projectDirPath = "";
			projectRoot = "";
			targets = (
				11C2220FF5EA37B4F5D3C6D1 /* FocusYou */,
				F7DC7D451DB8CA8E2EA3303C /* FocusYouTests */,
			);
		};
/* End PBXProject section */

/* Begin PBXResourcesBuildPhase section */
		959BC0AD0059AB96A309511A /* Resources */ = {
			isa = PBXResourcesBuildPhase;
			buildActionMask = 2147483647;
			files = (
				65FBB5EEECD9E840423E5BEF /* Assets.xcassets in Resources */,
				1BB0F58FE6391E2EBF22F1CD /* ThemeCatalog.json in Resources */,
				0975E061C0C01A6593ED6A64 /* games.json in Resources */,
				787CCC5E00EDE1AE5AE0B3A5 /* news.json in Resources */,
				CEB9C18BF8A1043F1571E64D /* sns.json in Resources */,
				3C5862BA5D23610BB7C55E54 /* video.json in Resources */,
			);
			runOnlyForDeploymentPostprocessing = 0;
		};
/* End PBXResourcesBuildPhase section */

/* Begin PBXSourcesBuildPhase section */
		AC48BEC66FBEA8D57F668E8E /* Sources */ = {
			isa = PBXSourcesBuildPhase;
			buildActionMask = 2147483647;
			files = (
				A5C2DC2E0D2129997E3B639A /* BlockingCoordinatorTests.swift in Sources */,
				F50384EFF52B64498DA2426D /* HostsFileManagerTests.swift in Sources */,
				6E82E0928C9BA2B277CE68F6 /* NotificationServiceSettingsTests.swift in Sources */,
				DCD9BE315136CCA2B27798D1 /* PomodoroEngineTests.swift in Sources */,
				1C56B083C74E3A29B471059D /* SettingsViewModelTests.swift in Sources */,
				75702BCEE3D87EF47532D34D /* StringExtensionsTests.swift in Sources */,
				408572736EEEA1740E4B2982 /* ThemeManagerTests.swift in Sources */,
			);
			runOnlyForDeploymentPostprocessing = 0;
		};
		E66F2D9631CAD08E293838E9 /* Sources */ = {
			isa = PBXSourcesBuildPhase;
			buildActionMask = 2147483647;
			files = (
				73628EED32AED64A1B16570F /* AppBlockView.swift in Sources */,
				D2C31AB753E47BCF2412F5C9 /* AppBlocker.swift in Sources */,
				4FB41B1C5FBF2C017A37A7EF /* AppState.swift in Sources */,
				E80B9AF3714F10EB751A1EAD /* AppTheme.swift in Sources */,
				EBBE4690B5997DA436CC2E71 /* BlockListView.swift in Sources */,
				424B452870555D3E845201D5 /* BlockListViewModel.swift in Sources */,
				E9EA78A518F2D6FCD8E18C25 /* BlockProfile.swift in Sources */,
				EAE4C81A07549C1F4990A15A /* BlockedApp.swift in Sources */,
				737B7A6312188CA855F31CCB /* BlockedSite.swift in Sources */,
				D173C2375D0F0703D8DDCC5A /* BlockingCoordinator.swift in Sources */,
				C4280A193EEBF3EA09989956 /* CategoryPickerView.swift in Sources */,
				8A236F8CC3E7A19605EC8888 /* Color+Theme.swift in Sources */,
				6B1FC13D5AB53344E630A40D /* Constants.swift in Sources */,
				0156279D8FBC229B765C8D53 /* DNSManager.swift in Sources */,
				6A48F1066BB7DE23C8AE1CA6 /* Date+Extensions.swift in Sources */,
				F2FD603D4559E67260548B5F /* FocusSession.swift in Sources */,
				432B6715E62F9933022FA065 /* FocusYouApp.swift in Sources */,
				70038CDA6EF81B3835DEDD0B /* FocusYouError.swift in Sources */,
				36EEEC526890D897DBEB37F1 /* FreeTimer.swift in Sources */,
				40EA309FD3C69A7FB1D0257A /* HostsFileBlocker.swift in Sources */,
				8ACB0836E7785E748C06AEFD /* HostsFileManager.swift in Sources */,
				FC55AD7F2656D9A9B4E38265 /* MainDashboardView.swift in Sources */,
				3EACAD5A918E9DFBC39F4DCA /* MenuBarView.swift in Sources */,
				53A7AF430DAFF58E1ED9F800 /* NotificationService.swift in Sources */,
				E2E1EFAAE13D7F4FF3403212 /* PieChartTimerView.swift in Sources */,
				AB6B9AF0E73DBC0D2E9B6477 /* PomodoroConfigView.swift in Sources */,
				CDF704D151A76F2E52DDCFDD /* PomodoroEngine.swift in Sources */,
				0FE63215E95C413DF29917E1 /* PrivilegedHelper.swift in Sources */,
				0F63113E064387FB6FDCAA45 /* ProfileEditorView.swift in Sources */,
				4BDFD390A0691774D076EFEC /* ProfileListView.swift in Sources */,
				A4BC30D7217B153B86E21769 /* ProfileViewModel.swift in Sources */,
				AD673288B15AB358371F2373 /* SettingsView.swift in Sources */,
				0C931460D19EF4619274025C /* SettingsViewModel.swift in Sources */,
				A83F49C17A5CD05971DA608B /* StatsView.swift in Sources */,
				05E19AE2DDA201D8D1619554 /* StatsViewModel.swift in Sources */,
				00B0CDCEE36C2FBB035A5741 /* String+Extensions.swift in Sources */,
				0E7735D36356283E151587D9 /* ThemeManager.swift in Sources */,
				A3E73C30EC933E3803D3588F /* TimePickerView.swift in Sources */,
				E200EB2AAD3DEC0F0A17A392 /* TimerView.swift in Sources */,
				CC9258593C8D0EBBFDFAFC4E /* TimerViewModel.swift in Sources */,
				09B21DC7AFA1496E66C315C3 /* View+Modifiers.swift in Sources */,
				C32D273CA53713F48CF91BE3 /* WebsiteBlockView.swift in Sources */,
				701555BB2CBB865246E9B5C6 /* WebsiteBlocker.swift in Sources */,
			);
			runOnlyForDeploymentPostprocessing = 0;
		};
/* End PBXSourcesBuildPhase section */

/* Begin PBXTargetDependency section */
		B074A9B971226E447E053A2A /* PBXTargetDependency */ = {
			isa = PBXTargetDependency;
			target = 11C2220FF5EA37B4F5D3C6D1 /* FocusYou */;
			targetProxy = 99412CFB162F429DC567E5A1 /* PBXContainerItemProxy */;
		};
/* End PBXTargetDependency section */

/* Begin XCBuildConfiguration section */
		07F4D6E56B84B3439CF3849C /* Release */ = {
			isa = XCBuildConfiguration;
			buildSettings = {
				ASSETCATALOG_COMPILER_APPICON_NAME = AppIcon;
				COMBINE_HIDPI_IMAGES = YES;
				ENABLE_APP_SANDBOX = NO;
				INFOPLIST_KEY_LSUIElement = YES;
				LD_RUNPATH_SEARCH_PATHS = (
					"$(inherited)",
					"@executable_path/../Frameworks",
				);
				PRODUCT_NAME = "Focus You";
				SDKROOT = macosx;
			};
			name = Release;
		};
		39450AEEFD600AC51A9195B6 /* Debug */ = {
			isa = XCBuildConfiguration;
			buildSettings = {
				ASSETCATALOG_COMPILER_APPICON_NAME = AppIcon;
				COMBINE_HIDPI_IMAGES = YES;
				ENABLE_APP_SANDBOX = NO;
				INFOPLIST_KEY_LSUIElement = YES;
				LD_RUNPATH_SEARCH_PATHS = (
					"$(inherited)",
					"@executable_path/../Frameworks",
				);
				PRODUCT_NAME = "Focus You";
				SDKROOT = macosx;
			};
			name = Debug;
		};
		51CC6E711F0EC4431753A2B2 /* Debug */ = {
			isa = XCBuildConfiguration;
			buildSettings = {
				ALWAYS_SEARCH_USER_PATHS = NO;
				CLANG_ANALYZER_NONNULL = YES;
				CLANG_ANALYZER_NUMBER_OBJECT_CONVERSION = YES_AGGRESSIVE;
				CLANG_CXX_LANGUAGE_STANDARD = "gnu++14";
				CLANG_CXX_LIBRARY = "libc++";
				CLANG_ENABLE_MODULES = YES;
				CLANG_ENABLE_OBJC_ARC = YES;
				CLANG_ENABLE_OBJC_WEAK = YES;
				CLANG_WARN_BLOCK_CAPTURE_AUTORELEASING = YES;
				CLANG_WARN_BOOL_CONVERSION = YES;
				CLANG_WARN_COMMA = YES;
				CLANG_WARN_CONSTANT_CONVERSION = YES;
				CLANG_WARN_DEPRECATED_OBJC_IMPLEMENTATIONS = YES;
				CLANG_WARN_DIRECT_OBJC_ISA_USAGE = YES_ERROR;
				CLANG_WARN_DOCUMENTATION_COMMENTS = YES;
				CLANG_WARN_EMPTY_BODY = YES;
				CLANG_WARN_ENUM_CONVERSION = YES;
				CLANG_WARN_INFINITE_RECURSION = YES;
				CLANG_WARN_INT_CONVERSION = YES;
				CLANG_WARN_NON_LITERAL_NULL_CONVERSION = YES;
				CLANG_WARN_OBJC_IMPLICIT_RETAIN_SELF = YES;
				CLANG_WARN_OBJC_LITERAL_CONVERSION = YES;
				CLANG_WARN_OBJC_ROOT_CLASS = YES_ERROR;
				CLANG_WARN_QUOTED_INCLUDE_IN_FRAMEWORK_HEADER = YES;
				CLANG_WARN_RANGE_LOOP_ANALYSIS = YES;
				CLANG_WARN_STRICT_PROTOTYPES = YES;
				CLANG_WARN_SUSPICIOUS_MOVE = YES;
				CLANG_WARN_UNGUARDED_AVAILABILITY = YES_AGGRESSIVE;
				CLANG_WARN_UNREACHABLE_CODE = YES;
				CLANG_WARN__DUPLICATE_METHOD_MATCH = YES;
				CODE_SIGN_ENTITLEMENTS = FocusYou/FocusYou.entitlements;
				COPY_PHASE_STRIP = NO;
				CURRENT_PROJECT_VERSION = 5;
				DEBUG_INFORMATION_FORMAT = dwarf;
				ENABLE_HARDENED_RUNTIME = YES;
				ENABLE_STRICT_OBJC_MSGSEND = YES;
				ENABLE_TESTABILITY = YES;
				GCC_C_LANGUAGE_STANDARD = gnu11;
				GCC_DYNAMIC_NO_PIC = NO;
				GCC_NO_COMMON_BLOCKS = YES;
				GCC_OPTIMIZATION_LEVEL = 0;
				GCC_PREPROCESSOR_DEFINITIONS = (
					"$(inherited)",
					"DEBUG=1",
				);
				GCC_WARN_64_TO_32_BIT_CONVERSION = YES;
				GCC_WARN_ABOUT_RETURN_TYPE = YES_ERROR;
				GCC_WARN_UNDECLARED_SELECTOR = YES;
				GCC_WARN_UNINITIALIZED_AUTOS = YES_AGGRESSIVE;
				GCC_WARN_UNUSED_FUNCTION = YES;
				GCC_WARN_UNUSED_VARIABLE = YES;
				GENERATE_INFOPLIST_FILE = YES;
				INFOPLIST_KEY_CFBundleDisplayName = "Focus You";
				INFOPLIST_KEY_LSUIElement = YES;
				MACOSX_DEPLOYMENT_TARGET = 14.0;
				MARKETING_VERSION = 0.5.0;
				MTL_ENABLE_DEBUG_INFO = INCLUDE_SOURCE;
				MTL_FAST_MATH = YES;
				ONLY_ACTIVE_ARCH = YES;
				PRODUCT_BUNDLE_IDENTIFIER = com.sungjh.focusyou;
				PRODUCT_NAME = "$(TARGET_NAME)";
				SDKROOT = macosx;
				SWIFT_ACTIVE_COMPILATION_CONDITIONS = DEBUG;
				SWIFT_OPTIMIZATION_LEVEL = "-Onone";
				SWIFT_VERSION = 6.0;
			};
			name = Debug;
		};
		60A7F95FE30294F1290786E4 /* Debug */ = {
			isa = XCBuildConfiguration;
			buildSettings = {
				BUNDLE_LOADER = "$(TEST_HOST)";
				COMBINE_HIDPI_IMAGES = YES;
				LD_RUNPATH_SEARCH_PATHS = (
					"$(inherited)",
					"@executable_path/../Frameworks",
					"@loader_path/../Frameworks",
				);
				SDKROOT = macosx;
				TEST_HOST = "$(BUILT_PRODUCTS_DIR)/Focus You.app/Contents/MacOS/Focus You";
			};
			name = Debug;
		};
		8AB5D25AD185A0878A169E1A /* Release */ = {
			isa = XCBuildConfiguration;
			buildSettings = {
				ALWAYS_SEARCH_USER_PATHS = NO;
				CLANG_ANALYZER_NONNULL = YES;
				CLANG_ANALYZER_NUMBER_OBJECT_CONVERSION = YES_AGGRESSIVE;
				CLANG_CXX_LANGUAGE_STANDARD = "gnu++14";
				CLANG_CXX_LIBRARY = "libc++";
				CLANG_ENABLE_MODULES = YES;
				CLANG_ENABLE_OBJC_ARC = YES;
				CLANG_ENABLE_OBJC_WEAK = YES;
				CLANG_WARN_BLOCK_CAPTURE_AUTORELEASING = YES;
				CLANG_WARN_BOOL_CONVERSION = YES;
				CLANG_WARN_COMMA = YES;
				CLANG_WARN_CONSTANT_CONVERSION = YES;
				CLANG_WARN_DEPRECATED_OBJC_IMPLEMENTATIONS = YES;
				CLANG_WARN_DIRECT_OBJC_ISA_USAGE = YES_ERROR;
				CLANG_WARN_DOCUMENTATION_COMMENTS = YES;
				CLANG_WARN_EMPTY_BODY = YES;
				CLANG_WARN_ENUM_CONVERSION = YES;
				CLANG_WARN_INFINITE_RECURSION = YES;
				CLANG_WARN_INT_CONVERSION = YES;
				CLANG_WARN_NON_LITERAL_NULL_CONVERSION = YES;
				CLANG_WARN_OBJC_IMPLICIT_RETAIN_SELF = YES;
				CLANG_WARN_OBJC_LITERAL_CONVERSION = YES;
				CLANG_WARN_OBJC_ROOT_CLASS = YES_ERROR;
				CLANG_WARN_QUOTED_INCLUDE_IN_FRAMEWORK_HEADER = YES;
				CLANG_WARN_RANGE_LOOP_ANALYSIS = YES;
				CLANG_WARN_STRICT_PROTOTYPES = YES;
				CLANG_WARN_SUSPICIOUS_MOVE = YES;
				CLANG_WARN_UNGUARDED_AVAILABILITY = YES_AGGRESSIVE;
				CLANG_WARN_UNREACHABLE_CODE = YES;
				CLANG_WARN__DUPLICATE_METHOD_MATCH = YES;
				CODE_SIGN_ENTITLEMENTS = FocusYou/FocusYou.entitlements;
				COPY_PHASE_STRIP = NO;
				CURRENT_PROJECT_VERSION = 5;
				DEBUG_INFORMATION_FORMAT = "dwarf-with-dsym";
				ENABLE_HARDENED_RUNTIME = YES;
				ENABLE_NS_ASSERTIONS = NO;
				ENABLE_STRICT_OBJC_MSGSEND = YES;
				GCC_C_LANGUAGE_STANDARD = gnu11;
				GCC_NO_COMMON_BLOCKS = YES;
				GCC_WARN_64_TO_32_BIT_CONVERSION = YES;
				GCC_WARN_ABOUT_RETURN_TYPE = YES_ERROR;
				GCC_WARN_UNDECLARED_SELECTOR = YES;
				GCC_WARN_UNINITIALIZED_AUTOS = YES_AGGRESSIVE;
				GCC_WARN_UNUSED_FUNCTION = YES;
				GCC_WARN_UNUSED_VARIABLE = YES;
				GENERATE_INFOPLIST_FILE = YES;
				INFOPLIST_KEY_CFBundleDisplayName = "Focus You";
				INFOPLIST_KEY_LSUIElement = YES;
				MACOSX_DEPLOYMENT_TARGET = 14.0;
				MARKETING_VERSION = 0.5.0;
				MTL_ENABLE_DEBUG_INFO = NO;
				MTL_FAST_MATH = YES;
				PRODUCT_BUNDLE_IDENTIFIER = com.sungjh.focusyou;
				PRODUCT_NAME = "$(TARGET_NAME)";
				SDKROOT = macosx;
				SWIFT_COMPILATION_MODE = wholemodule;
				SWIFT_OPTIMIZATION_LEVEL = "-O";
				SWIFT_VERSION = 6.0;
			};
			name = Release;
		};
		ABEE1BE6C51505BFE993DB0D /* Release */ = {
			isa = XCBuildConfiguration;
			buildSettings = {
				BUNDLE_LOADER = "$(TEST_HOST)";
				COMBINE_HIDPI_IMAGES = YES;
				LD_RUNPATH_SEARCH_PATHS = (
					"$(inherited)",
					"@executable_path/../Frameworks",
					"@loader_path/../Frameworks",
				);
				SDKROOT = macosx;
				TEST_HOST = "$(BUILT_PRODUCTS_DIR)/Focus You.app/Contents/MacOS/Focus You";
			};
			name = Release;
		};
/* End XCBuildConfiguration section */

/* Begin XCConfigurationList section */
		06CF28C3543A6183CB0F7D57 /* Build configuration list for PBXProject "FocusYou" */ = {
			isa = XCConfigurationList;
			buildConfigurations = (
				51CC6E711F0EC4431753A2B2 /* Debug */,
				8AB5D25AD185A0878A169E1A /* Release */,
			);
			defaultConfigurationIsVisible = 0;
			defaultConfigurationName = Debug;
		};
		5956D527ED9BB60002093308 /* Build configuration list for PBXNativeTarget "FocusYouTests" */ = {
			isa = XCConfigurationList;
			buildConfigurations = (
				60A7F95FE30294F1290786E4 /* Debug */,
				ABEE1BE6C51505BFE993DB0D /* Release */,
			);
			defaultConfigurationIsVisible = 0;
			defaultConfigurationName = Debug;
		};
		ECB8B042A595C30C678AFCEC /* Build configuration list for PBXNativeTarget "FocusYou" */ = {
			isa = XCConfigurationList;
			buildConfigurations = (
				39450AEEFD600AC51A9195B6 /* Debug */,
				07F4D6E56B84B3439CF3849C /* Release */,
			);
			defaultConfigurationIsVisible = 0;
			defaultConfigurationName = Debug;
		};
/* End XCConfigurationList section */
	};
	rootObject = 997BDCD8634622E1B547779B /* Project object */;
}
